
Microsoft Visual Studio Solution File, Format Version 12.00
# Visual Studio Version 17
VisualStudioVersion = 17.9.34622.214
MinimumVisualStudioVersion = 10.0.40219.1
Project("{9A19103F-16F7-4668-BE54-9A1E7A4F7556}") = "RazorPage", "RazorPage\RazorPage.csproj", "{BB8F9E13-2216-4FBC-B3F7-5F0E039A5CF9}"
EndProject
Project("{FAE04EC0-301F-11D3-BF4B-00C04F79EFBC}") = "ConsoleServer", "ConsoleServer\ConsoleServer.csproj", "{3AD24FA8-0783-4BA4-92AE-AAA79D1DE79D}"
EndProject
Project("{FAE04EC0-301F-11D3-BF4B-00C04F79EFBC}") = "ConsoleClient", "ConsoleClient\ConsoleClient.csproj", "{1BDF29FE-5ADE-448E-8ED1-B42617D1759A}"
EndProject
Global
	GlobalSection(SolutionConfigurationPlatforms) = preSolution
		Debug|Any CPU = Debug|Any CPU
		Release|Any CPU = Release|Any CPU
	EndGlobalSection
	GlobalSection(ProjectConfigurationPlatforms) = postSolution
		{BB8F9E13-2216-4FBC-B3F7-5F0E039A5CF9}.Debug|Any CPU.ActiveCfg = Debug|Any CPU
		{BB8F9E13-2216-4FBC-B3F7-5F0E039A5CF9}.Debug|Any CPU.Build.0 = Debug|Any CPU
		{BB8F9E13-2216-4FBC-B3F7-5F0E039A5CF9}.Release|Any CPU.ActiveCfg = Release|Any CPU
		{BB8F9E13-2216-4FBC-B3F7-5F0E039A5CF9}.Release|Any CPU.Build.0 = Release|Any CPU
		{3AD24FA8-0783-4BA4-92AE-AAA79D1DE79D}.Debug|Any CPU.ActiveCfg = Debug|Any CPU
		{3AD24FA8-0783-4BA4-92AE-AAA79D1DE79D}.Debug|Any CPU.Build.0 = Debug|Any CPU
		{3AD24FA8-0783-4BA4-92AE-AAA79D1DE79D}.Release|Any CPU.ActiveCfg = Release|Any CPU
		{3AD24FA8-0783-4BA4-92AE-AAA79D1DE79D}.Release|Any CPU.Build.0 = Release|Any CPU
		{1BDF29FE-5ADE-448E-8ED1-B42617D1759A}.Debug|Any CPU.ActiveCfg = Debug|Any CPU
		{1BDF29FE-5ADE-448E-8ED1-B42617D1759A}.Debug|Any CPU.Build.0 = Debug|Any CPU
		{1BDF29FE-5ADE-448E-8ED1-B42617D1759A}.Release|Any CPU.ActiveCfg = Release|Any CPU
		{1BDF29FE-5ADE-448E-8ED1-B42617D1759A}.Release|Any CPU.Build.0 = Release|Any CPU
	EndGlobalSection
	GlobalSection(SolutionProperties) = preSolution
		HideSolutionNode = FALSE
	EndGlobalSection
	GlobalSection(ExtensibilityGlobals) = postSolution
		SolutionGuid = {186EEAF0-CB76-4E4C-88A5-2EA54FA04EB6}
	EndGlobalSection
EndGlobal
